
Microsoft Visual Studio Solution File, Format Version 12.00
# Visual Studio Version 17
VisualStudioVersion = 17.9.34607.119
MinimumVisualStudioVersion = 10.0.40219.1
Project("{9A19103F-16F7-4668-BE54-9A1E7A4F7556}") = "Infrastructure", "Infrastructure\Infrastructure.csproj", "{1EB91B93-D87F-4DAA-81EF-EBA2AC5D6819}"
EndProject
Project("{2150E333-8FDC-42A3-9474-1A3956D46DE8}") = "Microservices", "Microservices", "{815CD2CF-3189-4B21-BBED-48CC88A37541}"
EndProject
Project("{9A19103F-16F7-4668-BE54-9A1E7A4F7556}") = "Product.API", "Microservices\Product.API\Product.API.csproj", "{575369D9-8657-490E-8C83-FCDED0525ADC}"
EndProject
Project("{FAE04EC0-301F-11D3-BF4B-00C04F79EFBC}") = "Marketplace", "Marketplace\Marketplace.csproj", "{66D74F8D-04B3-4295-9AAC-8192B2094186}"
EndProject
Project("{FAE04EC0-301F-11D3-BF4B-00C04F79EFBC}") = "Services", "Services\Services.csproj", "{DE92C8F9-A1D0-4015-A38B-FD60706DF029}"
EndProject
Project("{FAE04EC0-301F-11D3-BF4B-00C04F79EFBC}") = "Repositories", "Repositories\Repositories.csproj", "{5F5F3ECD-0E36-40CE-A6AE-D92791E90B47}"
EndProject
Project("{FAE04EC0-301F-11D3-BF4B-00C04F79EFBC}") = "Entities", "Entities\Entities.csproj", "{83A571EE-6348-40E5-99EA-1925D8B6C17D}"
EndProject
Project("{FAE04EC0-301F-11D3-BF4B-00C04F79EFBC}") = "Authentication.Api", "Authentication.Api\Authentication.Api.csproj", "{CFE46773-6548-445E-8263-8C51143BB56E}"
EndProject
Global
	GlobalSection(SolutionConfigurationPlatforms) = preSolution
		Debug|Any CPU = Debug|Any CPU
		Release|Any CPU = Release|Any CPU
	EndGlobalSection
	GlobalSection(ProjectConfigurationPlatforms) = postSolution
		{1EB91B93-D87F-4DAA-81EF-EBA2AC5D6819}.Debug|Any CPU.ActiveCfg = Debug|Any CPU
		{1EB91B93-D87F-4DAA-81EF-EBA2AC5D6819}.Debug|Any CPU.Build.0 = Debug|Any CPU
		{1EB91B93-D87F-4DAA-81EF-EBA2AC5D6819}.Release|Any CPU.ActiveCfg = Release|Any CPU
		{1EB91B93-D87F-4DAA-81EF-EBA2AC5D6819}.Release|Any CPU.Build.0 = Release|Any CPU
		{575369D9-8657-490E-8C83-FCDED0525ADC}.Debug|Any CPU.ActiveCfg = Debug|Any CPU
		{575369D9-8657-490E-8C83-FCDED0525ADC}.Debug|Any CPU.Build.0 = Debug|Any CPU
		{575369D9-8657-490E-8C83-FCDED0525ADC}.Release|Any CPU.ActiveCfg = Release|Any CPU
		{575369D9-8657-490E-8C83-FCDED0525ADC}.Release|Any CPU.Build.0 = Release|Any CPU
		{66D74F8D-04B3-4295-9AAC-8192B2094186}.Debug|Any CPU.ActiveCfg = Debug|Any CPU
		{66D74F8D-04B3-4295-9AAC-8192B2094186}.Debug|Any CPU.Build.0 = Debug|Any CPU
		{66D74F8D-04B3-4295-9AAC-8192B2094186}.Release|Any CPU.ActiveCfg = Release|Any CPU
		{66D74F8D-04B3-4295-9AAC-8192B2094186}.Release|Any CPU.Build.0 = Release|Any CPU
		{DE92C8F9-A1D0-4015-A38B-FD60706DF029}.Debug|Any CPU.ActiveCfg = Debug|Any CPU
		{DE92C8F9-A1D0-4015-A38B-FD60706DF029}.Debug|Any CPU.Build.0 = Debug|Any CPU
		{DE92C8F9-A1D0-4015-A38B-FD60706DF029}.Release|Any CPU.ActiveCfg = Release|Any CPU
		{DE92C8F9-A1D0-4015-A38B-FD60706DF029}.Release|Any CPU.Build.0 = Release|Any CPU
		{5F5F3ECD-0E36-40CE-A6AE-D92791E90B47}.Debug|Any CPU.ActiveCfg = Debug|Any CPU
		{5F5F3ECD-0E36-40CE-A6AE-D92791E90B47}.Debug|Any CPU.Build.0 = Debug|Any CPU
		{5F5F3ECD-0E36-40CE-A6AE-D92791E90B47}.Release|Any CPU.ActiveCfg = Release|Any CPU
		{5F5F3ECD-0E36-40CE-A6AE-D92791E90B47}.Release|Any CPU.Build.0 = Release|Any CPU
		{83A571EE-6348-40E5-99EA-1925D8B6C17D}.Debug|Any CPU.ActiveCfg = Debug|Any CPU
		{83A571EE-6348-40E5-99EA-1925D8B6C17D}.Debug|Any CPU.Build.0 = Debug|Any CPU
		{83A571EE-6348-40E5-99EA-1925D8B6C17D}.Release|Any CPU.ActiveCfg = Release|Any CPU
		{83A571EE-6348-40E5-99EA-1925D8B6C17D}.Release|Any CPU.Build.0 = Release|Any CPU
		{CFE46773-6548-445E-8263-8C51143BB56E}.Debug|Any CPU.ActiveCfg = Debug|Any CPU
		{CFE46773-6548-445E-8263-8C51143BB56E}.Debug|Any CPU.Build.0 = Debug|Any CPU
		{CFE46773-6548-445E-8263-8C51143BB56E}.Release|Any CPU.ActiveCfg = Release|Any CPU
		{CFE46773-6548-445E-8263-8C51143BB56E}.Release|Any CPU.Build.0 = Release|Any CPU
	EndGlobalSection
	GlobalSection(SolutionProperties) = preSolution
		HideSolutionNode = FALSE
	EndGlobalSection
	GlobalSection(NestedProjects) = preSolution
		{575369D9-8657-490E-8C83-FCDED0525ADC} = {815CD2CF-3189-4B21-BBED-48CC88A37541}
		{CFE46773-6548-445E-8263-8C51143BB56E} = {815CD2CF-3189-4B21-BBED-48CC88A37541}
	EndGlobalSection
	GlobalSection(ExtensibilityGlobals) = postSolution
		SolutionGuid = {5B0888B6-03BB-4A2C-8A5E-A4D49662BFFF}
	EndGlobalSection
EndGlobal
