
Microsoft Visual Studio Solution File, Format Version 12.00
Project("{FAE04EC0-301F-11D3-BF4B-00C04F79EFBC}") = "AuthenticationService", "AuthenticationService\AuthenticationService.csproj", "{1D8BC7E8-81D8-4D91-9B53-08420E1DAF22}"
EndProject
Project("{2150E333-8FDC-42A3-9474-1A3956D46DE8}") = "Solution Items", "Solution Items", "{DA5B3163-CF65-4461-BE8C-F0062989E8EB}"
	ProjectSection(SolutionItems) = preProject
		docker-compose.yml = docker-compose.yml
	EndProjectSection
EndProject
Project("{FAE04EC0-301F-11D3-BF4B-00C04F79EFBC}") = "Repositories", "Repositories\Repositories.csproj", "{5ACA8628-F303-4367-98A2-36AEB135BF2F}"
EndProject
Project("{FAE04EC0-301F-11D3-BF4B-00C04F79EFBC}") = "Entities", "Entities\Entities.csproj", "{43DD69F1-C67D-4EA3-99F3-83ABD5D5C6B1}"
EndProject
Project("{FAE04EC0-301F-11D3-BF4B-00C04F79EFBC}") = "Services", "Services\Services.csproj", "{CB529A81-BAA3-40EA-B0F2-9988CE6547FD}"
EndProject
Global
	GlobalSection(SolutionConfigurationPlatforms) = preSolution
		Debug|Any CPU = Debug|Any CPU
		Release|Any CPU = Release|Any CPU
	EndGlobalSection
	GlobalSection(ProjectConfigurationPlatforms) = postSolution
		{1D8BC7E8-81D8-4D91-9B53-08420E1DAF22}.Debug|Any CPU.ActiveCfg = Debug|Any CPU
		{1D8BC7E8-81D8-4D91-9B53-08420E1DAF22}.Debug|Any CPU.Build.0 = Debug|Any CPU
		{1D8BC7E8-81D8-4D91-9B53-08420E1DAF22}.Release|Any CPU.ActiveCfg = Release|Any CPU
		{1D8BC7E8-81D8-4D91-9B53-08420E1DAF22}.Release|Any CPU.Build.0 = Release|Any CPU
		{5ACA8628-F303-4367-98A2-36AEB135BF2F}.Debug|Any CPU.ActiveCfg = Debug|Any CPU
		{5ACA8628-F303-4367-98A2-36AEB135BF2F}.Debug|Any CPU.Build.0 = Debug|Any CPU
		{5ACA8628-F303-4367-98A2-36AEB135BF2F}.Release|Any CPU.ActiveCfg = Release|Any CPU
		{5ACA8628-F303-4367-98A2-36AEB135BF2F}.Release|Any CPU.Build.0 = Release|Any CPU
		{43DD69F1-C67D-4EA3-99F3-83ABD5D5C6B1}.Debug|Any CPU.ActiveCfg = Debug|Any CPU
		{43DD69F1-C67D-4EA3-99F3-83ABD5D5C6B1}.Debug|Any CPU.Build.0 = Debug|Any CPU
		{43DD69F1-C67D-4EA3-99F3-83ABD5D5C6B1}.Release|Any CPU.ActiveCfg = Release|Any CPU
		{43DD69F1-C67D-4EA3-99F3-83ABD5D5C6B1}.Release|Any CPU.Build.0 = Release|Any CPU
		{CB529A81-BAA3-40EA-B0F2-9988CE6547FD}.Debug|Any CPU.ActiveCfg = Debug|Any CPU
		{CB529A81-BAA3-40EA-B0F2-9988CE6547FD}.Debug|Any CPU.Build.0 = Debug|Any CPU
		{CB529A81-BAA3-40EA-B0F2-9988CE6547FD}.Release|Any CPU.ActiveCfg = Release|Any CPU
		{CB529A81-BAA3-40EA-B0F2-9988CE6547FD}.Release|Any CPU.Build.0 = Release|Any CPU
	EndGlobalSection
	GlobalSection(NestedProjects) = preSolution
	EndGlobalSection
EndGlobal
